{
  "R": {
    "Version": "4.1.0",
    "Repositories": [
      {
        "Name": "CRAN",
        "URL": "https://cran.rstudio.com"
      }
    ]
  },
  "Packages": {
    "Amisc": {
      "Package": "Amisc",
      "Version": "0.3.4",
      "Source": "GitHub",
      "RemoteType": "github",
      "RemoteUsername": "AlineTalhouk",
      "RemoteRepo": "Amisc",
      "RemoteRef": "master",
      "RemoteSha": "e25aef23346f6790574fd263ca239eb1ccc7a46f",
      "RemoteHost": "api.github.com",
      "Hash": "e99713ca662e5245455c1e1f3fa698be"
    },
    "BH": {
      "Package": "BH",
      "Version": "1.72.0-2",
      "Source": "Repository",
      "Repository": "CRAN",
      "Hash": "00d67366d2b1bbd0a4dd0279817a66d4"
    },
    "BiasedUrn": {
      "Package": "BiasedUrn",
      "Version": "1.07",
      "Source": "Repository",
      "Repository": "CRAN",
      "Hash": "a5163156a58f219f30a53d86d75b9cb3"
    },
    "C50": {
      "Package": "C50",
      "Version": "0.1.2",
      "Source": "Repository",
      "Repository": "CRAN",
      "Hash": "b86e4eee14c3aec663a65aa6e9e81973"
    },
    "Cubist": {
      "Package": "Cubist",
      "Version": "0.2.2",
      "Source": "Repository",
      "Repository": "CRAN",
      "Hash": "6f6491a14839cc004eb8c6353f8e535e"
    },
    "DBI": {
      "Package": "DBI",
      "Version": "1.1.0",
      "Source": "Repository",
      "Repository": "CRAN",
      "Hash": "4744be45519d675af66c28478720fce5"
    },
    "DEoptimR": {
      "Package": "DEoptimR",
      "Version": "1.0-8",
      "Source": "Repository",
      "Repository": "CRAN",
      "Hash": "4fdd17df6c1b897cb59bdd9cf6621a43"
    },
    "DMwR": {
      "Package": "DMwR",
      "Version": "0.4.1",
      "Source": "Repository",
      "Repository": "CRAN",
      "Hash": "41ed85b66d2e8e9a5d6c51b1d9fdfcc1"
    },
    "Formula": {
      "Package": "Formula",
      "Version": "1.2-3",
      "Source": "Repository",
      "Repository": "CRAN",
      "Hash": "0537b6f1f38ea1fd514089192724bb6e"
    },
    "HandTill2001": {
      "Package": "HandTill2001",
      "Version": "1.0.0",
      "Source": "Repository",
      "Repository": "CRAN",
      "Hash": "d3664093e656f8d2be5ae05d95505d26"
    },
    "Hmisc": {
      "Package": "Hmisc",
      "Version": "4.3-0",
      "Source": "Repository",
      "Repository": "CRAN",
      "Hash": "6820b9b2f38a9b91eaae35c09eaace02"
    },
    "KernSmooth": {
      "Package": "KernSmooth",
      "Version": "2.23-16",
      "Source": "Repository",
      "Repository": "CRAN",
      "Hash": "997471f25a7ed6c782f0090ce52cc63a"
    },
    "MASS": {
      "Package": "MASS",
      "Version": "7.3-51.5",
      "Source": "Repository",
      "Repository": "CRAN",
      "Hash": "9efe80472b21189ebab1b74169808c26"
    },
    "Matrix": {
      "Package": "Matrix",
      "Version": "1.2-18",
      "Source": "Repository",
      "Repository": "CRAN",
      "Hash": "08588806cba69f04797dab50627428ed"
    },
    "ModelMetrics": {
      "Package": "ModelMetrics",
      "Version": "1.2.2",
      "Source": "Repository",
      "Repository": "CRAN",
      "Hash": "d85508dd2162bf34aaf15d6a022e42e5"
    },
    "NMF": {
      "Package": "NMF",
      "Version": "0.21.0",
      "Source": "Repository",
      "Repository": "CRAN",
      "Hash": "c5986449cf35528ef25aa25293c030d4"
    },
    "R6": {
      "Package": "R6",
      "Version": "2.4.1",
      "Source": "Repository",
      "Repository": "CRAN",
      "Hash": "292b54f8f4b94669b08f94e5acce6be2"
    },
    "RColorBrewer": {
      "Package": "RColorBrewer",
      "Version": "1.1-2",
      "Source": "Repository",
      "Repository": "CRAN",
      "Hash": "e031418365a7f7a766181ab5a41a5716"
    },
    "ROCR": {
      "Package": "ROCR",
      "Version": "1.0-7",
      "Source": "Repository",
      "Repository": "CRAN",
      "Hash": "fd202bb77d2b1b19fb9dcc393d489ef0"
    },
    "RankAggreg": {
      "Package": "RankAggreg",
      "Version": "0.6.5",
      "Source": "Repository",
      "Repository": "CRAN",
      "Hash": "b451ec742882c5e7b0ce0d301eff0ac1"
    },
    "Rcpp": {
      "Package": "Rcpp",
      "Version": "1.0.3",
      "Source": "Repository",
      "Repository": "CRAN",
      "Hash": "f3ca785924863b0e4c8cb23b6a5c75a1"
    },
    "RcppArmadillo": {
      "Package": "RcppArmadillo",
      "Version": "0.9.800.3.0",
      "Source": "Repository",
      "Repository": "CRAN",
      "Hash": "0f1dd78cdd147c72d7c8f652391c61b2"
    },
    "Rtsne": {
      "Package": "Rtsne",
      "Version": "0.15",
      "Source": "Repository",
      "Repository": "CRAN",
      "Hash": "f153432c4ca15b937ccfaa40f167c892"
    },
    "SQUAREM": {
      "Package": "SQUAREM",
      "Version": "2017.10-1",
      "Source": "Repository",
      "Repository": "CRAN",
      "Hash": "5f2dab05aaaf51d7f87cf7ecbbe07541"
    },
    "TTR": {
      "Package": "TTR",
      "Version": "0.23-6",
      "Source": "Repository",
      "Repository": "CRAN",
      "Hash": "fa1289136d3861f34dd0af6f7e9d7ac9"
    },
    "UpSetR": {
      "Package": "UpSetR",
      "Version": "1.4.0",
      "Source": "Repository",
      "Repository": "CRAN",
      "Hash": "f6ef89503aaff474873f8bc1823894e1"
    },
    "VennDiagram": {
      "Package": "VennDiagram",
      "Version": "1.6.20",
      "Source": "Repository",
      "Repository": "CRAN",
      "Hash": "ffff3996100ae22360096dd6a3436b0d"
    },
    "abind": {
      "Package": "abind",
      "Version": "1.4-5",
      "Source": "Repository",
      "Repository": "CRAN",
      "Hash": "4f57884290cc75ab22f4af9e9d4ca862"
    },
    "acepack": {
      "Package": "acepack",
      "Version": "1.4.1",
      "Source": "Repository",
      "Repository": "CRAN",
      "Hash": "9d5038b94a50c7bf26940e2ef7f340c8"
    },
    "apcluster": {
      "Package": "apcluster",
      "Version": "1.4.8",
      "Source": "Repository",
      "Repository": "CRAN",
      "Hash": "3d0fa75918d522435e84d64700c10557"
    },
    "askpass": {
      "Package": "askpass",
      "Version": "1.1",
      "Source": "Repository",
      "Repository": "CRAN",
      "Hash": "e8a22846fff485f0be3770c2da758713"
    },
    "assertthat": {
      "Package": "assertthat",
      "Version": "0.2.1",
      "Source": "Repository",
      "Repository": "CRAN",
      "Hash": "50c838a310445e954bc13f26f26a6ecf"
    },
    "backports": {
      "Package": "backports",
      "Version": "1.1.5",
      "Source": "GitHub",
      "RemoteType": "github",
      "RemoteHost": "https://api.github.com",
      "RemoteRepo": "backports",
      "RemoteUsername": "r-lib",
      "RemoteRef": "master",
      "RemoteSha": "8ad306197856e987dade1ee4eb71748f27f7d450",
      "Hash": "b03377958925c6a4256f076720c797b6"
    },
    "base64enc": {
      "Package": "base64enc",
      "Version": "0.1-3",
      "Source": "Repository",
      "Repository": "CRAN",
      "Hash": "543776ae6848fde2f48ff3816d0628bc"
    },
    "batchAdj": {
      "Package": "batchAdj",
      "Version": "0.1.1",
      "Source": "Local",
      "Hash": "62332f0ba52491c573d72ed34a7692f1"
    },
    "ber": {
      "Package": "ber",
      "Version": "4.0",
      "Source": "URL",
      "Repository": "CRAN",
      "RemoteType": "url",
      "RemoteUrl": "https://cran.r-project.org/src/contrib/Archive/ber/ber_4.0.tar.gz",
      "Hash": "99dcd81587766734e46deca48c028af0"
    },
    "bibtex": {
      "Package": "bibtex",
      "Version": "0.4.2.2",
      "Source": "Repository",
      "Repository": "CRAN",
      "Hash": "8d96f3da9e7ec851e14e39c0872ad1ab"
    },
    "bitops": {
      "Package": "bitops",
      "Version": "1.0-6",
      "Source": "Repository",
      "Repository": "CRAN",
      "Hash": "0b118d5900596bae6c4d4865374536a6"
    },
    "blockcluster": {
      "Package": "blockcluster",
      "Version": "4.4.3",
      "Source": "Repository",
      "Repository": "CRAN",
      "Hash": "d0c54f02894a973a5c308ff915e7142d"
    },
    "bookdown": {
      "Package": "bookdown",
      "Version": "0.21",
      "Source": "Repository",
      "Repository": "CRAN",
      "Hash": "1bf627f1f77313e345f71e779b658578"
    },
    "boot": {
      "Package": "boot",
      "Version": "1.3-24",
      "Source": "Repository",
      "Repository": "CRAN",
      "Hash": "72557d88b5f42f01221dfa436de99301"
    },
    "broom": {
      "Package": "broom",
      "Version": "0.5.3",
      "Source": "Repository",
      "Repository": "CRAN",
      "Hash": "e462266fa373879ac10b8ba0529d5935"
    },
    "caTools": {
      "Package": "caTools",
      "Version": "1.17.1.3",
      "Source": "Repository",
      "Repository": "CRAN",
      "Hash": "34ef23ef9de13d9c7c47a21cff0c7220"
    },
    "callr": {
      "Package": "callr",
      "Version": "3.4.0",
      "Source": "Repository",
      "Repository": "CRAN",
      "Hash": "f73f76ba9c2c23cbe3a7657f7411ddc4"
    },
    "caret": {
      "Package": "caret",
      "Version": "6.0-84",
      "Source": "Repository",
      "Repository": "CRAN",
      "Hash": "07113ea86bfb3676cadf3662fdf5b17a"
    },
    "ccaPP": {
      "Package": "ccaPP",
      "Version": "0.3.3",
      "Source": "Repository",
      "Repository": "CRAN",
      "Hash": "5e40ffde68adf937e2fc07bf8f23f635"
    },
    "cellranger": {
      "Package": "cellranger",
      "Version": "1.1.0",
      "Source": "Repository",
      "Repository": "CRAN",
      "Hash": "f61dbaec772ccd2e17705c1e872e9e7c"
    },
    "checkmate": {
      "Package": "checkmate",
      "Version": "1.9.4",
      "Source": "Repository",
      "Repository": "CRAN",
      "Hash": "4704086e092041b648573fe97235f7de"
    },
    "clValid": {
      "Package": "clValid",
      "Version": "0.6-6",
      "Source": "Repository",
      "Repository": "CRAN",
      "Hash": "e2a5a327c114f65bb112ebebccfca556"
    },
    "class": {
      "Package": "class",
      "Version": "7.3-15",
      "Source": "Repository",
      "Repository": "CRAN",
      "Hash": "4fba6a022803b6c3f30fd023be3fa818"
    },
    "classInt": {
      "Package": "classInt",
      "Version": "0.4-2",
      "Source": "Repository",
      "Repository": "CRAN",
      "Hash": "ce0ff2c9be2ec4d8b7b09f467a330e63"
    },
    "cli": {
      "Package": "cli",
      "Version": "2.0.0",
      "Source": "Repository",
      "Repository": "CRAN",
      "Hash": "f41a3aa27b911750a6526b450d0b8ea4"
    },
    "clipr": {
      "Package": "clipr",
      "Version": "0.7.0",
      "Source": "Repository",
      "Repository": "CRAN",
      "Hash": "08cf4045c149a0f0eaf405324c7495bd"
    },
    "clue": {
      "Package": "clue",
      "Version": "0.3-57",
      "Source": "Repository",
      "Repository": "CRAN",
      "Hash": "c4dcf2e9abe03e3f2c183bbe07461ddc"
    },
    "cluster": {
      "Package": "cluster",
      "Version": "2.1.0",
      "Source": "Repository",
      "Repository": "CRAN",
      "Hash": "db63a44aab5aadcb6bf2f129751d129a"
    },
    "clusterCrit": {
      "Package": "clusterCrit",
      "Version": "1.2.8",
      "Source": "Repository",
      "Repository": "CRAN",
      "Hash": "844057883f804924aff76421f7c5cd75"
    },
    "codetools": {
      "Package": "codetools",
      "Version": "0.2-16",
      "Source": "Repository",
      "Repository": "CRAN",
      "Hash": "89cf4b8207269ccf82fbeb6473fd662b"
    },
    "colorspace": {
      "Package": "colorspace",
      "Version": "1.4-1",
      "Source": "Repository",
      "Repository": "CRAN",
      "Hash": "6b436e95723d1f0e861224dd9b094dfb"
    },
    "combinat": {
      "Package": "combinat",
      "Version": "0.0-8",
      "Source": "Repository",
      "Repository": "CRAN",
      "Hash": "f0acb9dcb71a9cd9d5ae233c5035b1c5"
    },
    "corpcor": {
      "Package": "corpcor",
      "Version": "1.6.9",
      "Source": "Repository",
      "Repository": "CRAN",
      "Hash": "ae01381679f4511ca7a72d55fe175213"
    },
    "crayon": {
      "Package": "crayon",
      "Version": "1.3.4",
      "Source": "Repository",
      "Repository": "CRAN",
      "Hash": "0d57bc8e27b7ba9e45dba825ebc0de6b"
    },
    "curl": {
      "Package": "curl",
      "Version": "4.3",
      "Source": "Repository",
      "Repository": "CRAN",
      "Hash": "2b7d10581cc730804e9ed178c8374bd6"
    },
    "data.table": {
      "Package": "data.table",
      "Version": "1.12.8",
      "Source": "Repository",
      "Repository": "CRAN",
      "Hash": "cd711af60c47207a776213a368626369"
    },
    "dbplyr": {
      "Package": "dbplyr",
      "Version": "1.4.2",
      "Source": "Repository",
      "Repository": "CRAN",
      "Hash": "022c8630abecb00f22740d021ab89595"
    },
    "dbscan": {
      "Package": "dbscan",
      "Version": "1.1-5",
      "Source": "Repository",
      "Repository": "CRAN",
      "Hash": "7ea75965ca4d773ad21f2b0cfdc84e58"
    },
    "diceR": {
      "Package": "diceR",
      "Version": "0.6.0.9000",
      "Source": "GitHub",
      "RemoteType": "github",
      "RemoteHost": "api.github.com",
      "RemoteUsername": "AlineTalhouk",
      "RemoteRepo": "diceR",
      "RemoteRef": "master",
      "RemoteSha": "93baa5aaa25850c620b9744a1d839821fba75868",
      "Hash": "b55bacad812c0435ea089ab9df7568cf"
    },
    "digest": {
      "Package": "digest",
      "Version": "0.6.23",
      "Source": "Repository",
      "Repository": "CRAN",
      "Hash": "931fd68809dab4609b4d4b5702206066"
    },
    "doParallel": {
      "Package": "doParallel",
      "Version": "1.0.15",
      "Source": "Repository",
      "Repository": "CRAN",
      "Hash": "1886c5bce3d9c0b4f9d0b113d76f9357"
    },
    "dplyr": {
      "Package": "dplyr",
      "Version": "1.0.2",
      "Source": "Repository",
      "Repository": "CRAN",
      "Hash": "d0509913b27ea898189ee664b6030dc2"
    },
    "e1071": {
      "Package": "e1071",
      "Version": "1.7-3",
      "Source": "Repository",
      "Repository": "CRAN",
      "Hash": "728e85416ffc90743054c1ac04486d69"
    },
    "ellipsis": {
      "Package": "ellipsis",
      "Version": "0.3.0",
      "Source": "Repository",
      "Repository": "CRAN",
      "Hash": "7067d90c1c780bfe80c0d497e3d7b49d"
    },
    "entropy": {
      "Package": "entropy",
      "Version": "1.2.1",
      "Source": "Repository",
      "Repository": "CRAN",
      "Hash": "d24c26075b0cabde12c419424edc6242"
    },
    "epiR": {
      "Package": "epiR",
      "Version": "1.0-10",
      "Source": "Repository",
      "Repository": "CRAN",
      "Hash": "d4a718955ccf729d34b46d0fabf21e6d"
    },
    "evaluate": {
      "Package": "evaluate",
      "Version": "0.14",
      "Source": "Repository",
      "Repository": "CRAN",
      "Hash": "ec8ca05cffcc70569eaaad8469d2a3a7"
    },
    "fansi": {
      "Package": "fansi",
      "Version": "0.4.0",
      "Source": "GitHub",
      "RemoteType": "github",
      "RemoteHost": "api.github.com",
      "RemoteRepo": "fansi",
      "RemoteUsername": "brodieG",
      "RemoteRef": "rc",
      "RemoteSha": "ab11e9c750d831d5b4b72c3e6551e1b777d5d0a2",
      "Hash": "9cea18b224d19cadc6bd12bd12893d2b"
    },
    "farver": {
      "Package": "farver",
      "Version": "2.0.1",
      "Source": "Repository",
      "Repository": "CRAN",
      "Hash": "e1e33215c942e78d2128221079b5dc35"
    },
    "fdrtool": {
      "Package": "fdrtool",
      "Version": "1.2.15",
      "Source": "Repository",
      "Repository": "CRAN",
      "Hash": "eb8d30ac5bae2835a21d9e229195d8dd"
    },
    "flux": {
      "Package": "flux",
      "Version": "0.3-0",
      "Source": "Repository",
      "Repository": "CRAN",
      "Hash": "3cde0b5627a7928978d70f1d88f7cd89"
    },
    "forcats": {
      "Package": "forcats",
      "Version": "0.4.0",
      "Source": "Repository",
      "Repository": "CRAN",
      "Hash": "c6a8cdc67d337ac3df901b0ea73b8cec"
    },
    "foreach": {
      "Package": "foreach",
      "Version": "1.4.7",
      "Source": "Repository",
      "Repository": "CRAN",
      "Hash": "5c52b519714c1d0fc5efca58f74918fe"
    },
    "foreign": {
      "Package": "foreign",
      "Version": "0.8-74",
      "Source": "Repository",
      "Repository": "CRAN",
      "Hash": "fbd213a1d55f4709d295304300f3d95d"
    },
    "formatR": {
      "Package": "formatR",
      "Version": "1.7",
      "Source": "Repository",
      "Repository": "CRAN",
      "Hash": "ad36e26eeeb7393886d8a0e19bc6ee42"
    },
    "fs": {
      "Package": "fs",
      "Version": "1.3.1",
      "Source": "Repository",
      "Repository": "CRAN",
      "Hash": "0e26be4558dbbc713d7cfe4a4c361f38"
    },
    "furrr": {
      "Package": "furrr",
      "Version": "0.1.0",
      "Source": "Repository",
      "Repository": "CRAN",
      "Hash": "c1f60eafdbcbea57078aa6f501974d2a"
    },
    "futile.logger": {
      "Package": "futile.logger",
      "Version": "1.4.3",
      "Source": "Repository",
      "Repository": "CRAN",
      "Hash": "99f0ace8c05ec7d3683d27083c4f1e7e"
    },
    "futile.options": {
      "Package": "futile.options",
      "Version": "1.0.1",
      "Source": "Repository",
      "Repository": "CRAN",
      "Hash": "0d9bf02413ddc2bbe8da9ce369dcdd2b"
    },
    "future": {
      "Package": "future",
      "Version": "1.15.1",
      "Source": "Repository",
      "Repository": "CRAN",
      "Hash": "359c17ff42bf8d352e25ce4499909b48"
    },
    "gdata": {
      "Package": "gdata",
      "Version": "2.18.0",
      "Source": "Repository",
      "Repository": "CRAN",
      "Hash": "465ccb84427f5fe2c54f8620666db131"
    },
    "generics": {
      "Package": "generics",
      "Version": "0.0.2",
      "Source": "GitHub",
      "RemoteType": "github",
      "RemoteHost": "api.github.com",
      "RemoteRepo": "generics",
      "RemoteUsername": "r-lib",
      "RemoteRef": "master",
      "RemoteSha": "c15ac433450078b581cdfa5d9a3c10797f3a3fd5",
      "Hash": "a9aff1b780fa6df71d0b0b3887cec34f"
    },
    "ggplot2": {
      "Package": "ggplot2",
      "Version": "3.2.1",
      "Source": "Repository",
      "Repository": "CRAN",
      "Hash": "9ac60f09a2f437af8df8638ef3da0288"
    },
    "ggrepel": {
      "Package": "ggrepel",
      "Version": "0.8.1",
      "Source": "Repository",
      "Repository": "CRAN",
      "Hash": "d2d969d2ca127dbb2da60b5a20ee7234"
    },
    "glmnet": {
      "Package": "glmnet",
      "Version": "2.0-18",
      "Source": "Repository",
      "Repository": "CRAN",
      "Hash": "45804a9a6542418216f85f726295b3bd"
    },
    "globals": {
      "Package": "globals",
      "Version": "0.12.5",
      "Source": "Repository",
      "Repository": "CRAN",
      "Hash": "e9e529fb7a579ad4b4ff65e052e76ed8"
    },
    "glue": {
      "Package": "glue",
      "Version": "1.4.2",
      "Source": "Repository",
      "Repository": "CRAN",
      "Hash": "6efd734b14c6471cfe443345f3e35e29"
    },
    "gower": {
      "Package": "gower",
      "Version": "0.2.1",
      "Source": "Repository",
      "Repository": "CRAN",
      "Hash": "1e7e711f2f87cc3a326f7f406815d019"
    },
    "gplots": {
      "Package": "gplots",
      "Version": "3.0.1.1",
      "Source": "Repository",
      "Repository": "CRAN",
      "Hash": "732c9f82f6dd3dbb6c361a83eef56bdc"
    },
    "gridBase": {
      "Package": "gridBase",
      "Version": "0.4-7",
      "Source": "Repository",
      "Repository": "CRAN",
      "Hash": "c6b1256546a22b4b9f4fae3ba5117b97"
    },
    "gridExtra": {
      "Package": "gridExtra",
      "Version": "2.3",
      "Source": "Repository",
      "Repository": "CRAN",
      "Hash": "7d7f283939f563670a697165b2cf5560"
    },
    "gtable": {
      "Package": "gtable",
      "Version": "0.3.0",
      "Source": "Repository",
      "Repository": "CRAN",
      "Hash": "ac5c6baf7822ce8732b343f14c072c4d"
    },
    "gtools": {
      "Package": "gtools",
      "Version": "3.8.1",
      "Source": "Repository",
      "Repository": "CRAN",
      "Hash": "b7f3a3bee8ec0858e8cbc09cfdc35ced"
    },
    "haven": {
      "Package": "haven",
      "Version": "2.2.0",
      "Source": "Repository",
      "Repository": "CRAN",
      "Hash": "e3f662e125e9fdffd1ee4e94baea3451"
    },
    "here": {
      "Package": "here",
      "Version": "0.1",
      "Source": "Repository",
      "Repository": "CRAN",
      "Hash": "2c0406b8e0a4c3516ab37be62da74e3c"
    },
    "highr": {
      "Package": "highr",
      "Version": "0.8",
      "Source": "Repository",
      "Repository": "CRAN",
      "Hash": "4dc5bb88961e347a0f4d8aad597cbfac"
    },
    "hms": {
      "Package": "hms",
      "Version": "0.5.2",
      "Source": "Repository",
      "Repository": "CRAN",
      "Hash": "e8700e1bc2963a77ff8d80f42faa5a46"
    },
    "htmlTable": {
      "Package": "htmlTable",
      "Version": "1.13.3",
      "Source": "Repository",
      "Repository": "CRAN",
      "Hash": "90d75b22931af95e2dbb17188e1dfa0c"
    },
    "htmltools": {
      "Package": "htmltools",
      "Version": "0.4.0",
      "Source": "Repository",
      "Repository": "CRAN",
      "Hash": "2d7691222f82f41e93f6d30f169bd5e1"
    },
    "htmlwidgets": {
      "Package": "htmlwidgets",
      "Version": "1.5.1",
      "Source": "Repository",
      "Repository": "CRAN",
      "Hash": "41bace23583fbc25089edae324de2dc3"
    },
    "httpuv": {
      "Package": "httpuv",
      "Version": "1.4.5.1",
      "Source": "Repository",
      "Repository": "CRAN",
      "Hash": "6db7d2196b1c704ea0f0877860fe3cf8"
    },
    "httr": {
      "Package": "httr",
      "Version": "1.4.1.9000",
      "Source": "GitHub",
      "RemoteType": "github",
      "RemoteHost": "api.github.com",
      "RemoteRepo": "httr",
      "RemoteUsername": "r-lib",
      "RemoteRef": "master",
      "RemoteSha": "844c8c75e25eaf1e385810b6ede4aa56b70493f8",
      "Hash": "ea9df99fcc6b61f7ca234037d25582ef"
    },
    "infotheo": {
      "Package": "infotheo",
      "Version": "1.2.0",
      "Source": "Repository",
      "Repository": "CRAN",
      "Hash": "83911c9f6d7e380e0e58b1389b90488a"
    },
    "inline": {
      "Package": "inline",
      "Version": "0.3.15",
      "Source": "Repository",
      "Repository": "CRAN",
      "Hash": "24fe9c7832cd19e60c04ffb46f2cbb64"
    },
    "inum": {
      "Package": "inum",
      "Version": "1.0-1",
      "Source": "Repository",
      "Repository": "CRAN",
      "Hash": "69b00eb657cf6230de11f47d93c4f6bf"
    },
    "ipred": {
      "Package": "ipred",
      "Version": "0.9-9",
      "Source": "Repository",
      "Repository": "CRAN",
      "Hash": "816a7f746179f159f8faa87af730f3c1"
    },
    "iterators": {
      "Package": "iterators",
      "Version": "1.0.12",
      "Source": "Repository",
      "Repository": "CRAN",
      "Hash": "117128f48662573ff4c4e72608b9e202"
    },
    "jsonlite": {
      "Package": "jsonlite",
      "Version": "1.6",
      "Source": "Repository",
      "Repository": "CRAN",
      "Hash": "bc5739654d032acf531356e32e0d0f54"
    },
    "kableExtra": {
      "Package": "kableExtra",
      "Version": "1.3.1",
      "Source": "Repository",
      "Repository": "CRAN",
      "Hash": "fa7f610e7eadfc9c47d501a333e03f1a"
    },
    "kernlab": {
      "Package": "kernlab",
      "Version": "0.9-29",
      "Source": "Repository",
      "Repository": "CRAN",
      "Hash": "46b2f61dadae64579e4cbe8af3c088d6"
    },
    "klaR": {
      "Package": "klaR",
      "Version": "0.6-14",
      "Source": "Repository",
      "Repository": "CRAN",
      "Hash": "f4048a59426d4daaea9f26126daeedc7"
    },
    "knitr": {
      "Package": "knitr",
      "Version": "1.26",
      "Source": "Repository",
      "Repository": "CRAN",
      "Hash": "a1f86bbc39ae43c6ae183223a52527a1"
    },
    "kohonen": {
      "Package": "kohonen",
      "Version": "3.0.10",
      "Source": "Repository",
      "Repository": "CRAN",
      "Hash": "45d0f2fa9011c5f1980d85820c1b2a67"
    },
    "labeling": {
      "Package": "labeling",
      "Version": "0.3",
      "Source": "Repository",
      "Repository": "CRAN",
      "Hash": "73832978c1de350df58108c745ed0e3e"
    },
    "labelled": {
      "Package": "labelled",
      "Version": "2.2.1",
      "Source": "Repository",
      "Repository": "CRAN",
      "Hash": "b32ad05c7e200cf35da87a5441ae4ceb"
    },
    "lambda.r": {
      "Package": "lambda.r",
      "Version": "1.2.4",
      "Source": "Repository",
      "Repository": "CRAN",
      "Hash": "b1e925c4b9ffeb901bacf812cbe9a6ad"
    },
    "later": {
      "Package": "later",
      "Version": "1.0.0",
      "Source": "Repository",
      "Repository": "CRAN",
      "Hash": "6d927978fc658d24175ce37db635f9e5"
    },
    "lattice": {
      "Package": "lattice",
      "Version": "0.20-38",
      "Source": "Repository",
      "Repository": "CRAN",
      "Hash": "848f8c593fd1050371042d18d152e3d7"
    },
    "latticeExtra": {
      "Package": "latticeExtra",
      "Version": "0.6-28",
      "Source": "Repository",
      "Repository": "CRAN",
      "Hash": "a3243e210c83c37ea51a546efcecd896"
    },
    "lava": {
      "Package": "lava",
      "Version": "1.6.6",
      "Source": "Repository",
      "Repository": "CRAN",
      "Hash": "3aff2b3035122185382c4ec9c500382f"
    },
    "lazyeval": {
      "Package": "lazyeval",
      "Version": "0.2.2",
      "Source": "Repository",
      "Repository": "CRAN",
      "Hash": "d908914ae53b04d4c0c0fd72ecc35370"
    },
    "libcoin": {
      "Package": "libcoin",
      "Version": "1.0-5",
      "Source": "Repository",
      "Repository": "CRAN",
      "Hash": "35a239ee95dd0c9e722f1132fa7cc365"
    },
    "lifecycle": {
      "Package": "lifecycle",
      "Version": "0.2.0",
      "Source": "Repository",
      "Repository": "CRAN",
      "Hash": "361811f31f71f8a617a9a68bf63f1f42"
    },
    "listenv": {
      "Package": "listenv",
      "Version": "0.8.0",
      "Source": "Repository",
      "Repository": "CRAN",
      "Hash": "0bde42ee282efb18c7c4e63822f5b4f7"
    },
    "lubridate": {
      "Package": "lubridate",
      "Version": "1.7.4.9000",
      "Source": "GitHub",
      "RemoteType": "github",
      "RemoteHost": "https://api.github.com",
      "RemoteRepo": "lubridate",
      "RemoteUsername": "tidyverse",
      "RemoteRef": "master",
      "RemoteSha": "cd8267976e51bfab9bd43f9eb30f2749d45e4ff9",
      "Hash": "a3fbdf8a0420b9d67c9bd4f5287b175a"
    },
    "maboost": {
      "Package": "maboost",
      "Version": "1.0-0",
      "Source": "Repository",
      "Repository": "CRAN",
      "Hash": "4917bf2f24e9121cbdc0535b6f08654b"
    },
    "magrittr": {
      "Package": "magrittr",
      "Version": "1.5",
      "Source": "Repository",
      "Repository": "CRAN",
      "Hash": "1bb58822a20301cee84a41678e25d9b7"
    },
    "markdown": {
      "Package": "markdown",
      "Version": "1.1",
      "Source": "Repository",
      "Repository": "CRAN",
      "Hash": "61e4a10781dd00d7d81dd06ca9b94e95"
    },
    "mclust": {
      "Package": "mclust",
      "Version": "5.4.5",
      "Source": "Repository",
      "Repository": "CRAN",
      "Hash": "eb4db14d65da50c105be47de0e46a914"
    },
    "mgcv": {
      "Package": "mgcv",
      "Version": "1.8-33",
      "Source": "Repository",
      "Repository": "CRAN",
      "Hash": "eb7b6439bc6d812eed2cddba5edc6be3"
    },
    "microbenchmark": {
      "Package": "microbenchmark",
      "Version": "1.4-7",
      "Source": "Repository",
      "Repository": "CRAN",
      "Hash": "9ffe05828082333ec03d1669e5ca47b9"
    },
    "mime": {
      "Package": "mime",
      "Version": "0.8",
      "Source": "Repository",
      "Repository": "CRAN",
      "Hash": "3d8abfab430c94a15e20eb91f052293f"
    },
    "miniUI": {
      "Package": "miniUI",
      "Version": "0.1.1.1",
      "Source": "Repository",
      "Repository": "CRAN",
      "Hash": "fec5f52652d60615fdb3957b3d74324a"
    },
    "modelr": {
      "Package": "modelr",
      "Version": "0.1.5",
      "Source": "Repository",
      "Repository": "CRAN",
      "Hash": "4d2fe4fcd8a4cab45fcd0479088c4216"
    },
    "multiROC": {
      "Package": "multiROC",
      "Version": "1.1.1",
      "Source": "Repository",
      "Repository": "CRAN",
      "Hash": "ee46860da1aa71532207fccb8525a0ad"
    },
    "munsell": {
      "Package": "munsell",
      "Version": "0.5.0",
      "Source": "Repository",
      "Repository": "CRAN",
      "Hash": "6dfe8bf774944bd5595785e3229d8771"
    },
    "mvtnorm": {
      "Package": "mvtnorm",
      "Version": "1.0-11",
      "Source": "Repository",
      "Repository": "CRAN",
      "Hash": "fc2710274a168072900ab6ce44bc3b25"
    },
    "naniar": {
      "Package": "naniar",
      "Version": "0.6.0",
      "Source": "Repository",
      "Repository": "CRAN",
      "Hash": "7aa61e5aa2c4c09905885a10a14534c9"
    },
    "nanostringr": {
      "Package": "nanostringr",
      "Version": "0.1.4",
      "Source": "Repository",
      "Repository": "CRAN",
      "Hash": "2e679b35ff3dfccd7619ac091ac15979"
    },
    "nlme": {
      "Package": "nlme",
      "Version": "3.1-143",
      "Source": "Repository",
      "Repository": "CRAN",
      "Hash": "7518d3b54a24f9291735a25467997858"
    },
    "nnet": {
      "Package": "nnet",
      "Version": "7.3-12",
      "Source": "Repository",
      "Repository": "CRAN",
      "Hash": "68287aec1f476c41d16ce1ace445800c"
    },
    "numDeriv": {
      "Package": "numDeriv",
      "Version": "2016.8-1.1",
      "Source": "Repository",
      "Repository": "CRAN",
      "Hash": "df58958f293b166e4ab885ebcad90e02"
    },
    "openssl": {
      "Package": "openssl",
      "Version": "1.4.1",
      "Source": "Repository",
      "Repository": "CRAN",
      "Hash": "49f7258fd86ebeaea1df24d9ded00478"
    },
    "otta": {
      "Package": "otta",
      "Version": "0.2.0",
      "Source": "Local",
      "Hash": "f71171b8008f68524ffd29e7a9c372ed"
    },
    "ottaOvca": {
      "Package": "ottaOvca",
      "Version": "1.6",
      "Source": "Local",
      "Hash": "dd7824e2abf6453d715a73e38a37b01f"
    },
    "pROC": {
      "Package": "pROC",
      "Version": "1.15.3",
      "Source": "Repository",
      "Repository": "CRAN",
      "Hash": "2942936accd69cb57e9aa29b6b9132b5"
    },
    "pamr": {
      "Package": "pamr",
      "Version": "1.56.1",
      "Source": "Repository",
      "Repository": "CRAN",
      "Hash": "5fd4f46c00b680611fe471b85d856189"
    },
    "partykit": {
      "Package": "partykit",
      "Version": "1.2-5",
      "Source": "Repository",
      "Repository": "CRAN",
      "Hash": "93fbb7b5ee0f4e7364429925d4064ff0"
    },
    "pcaPP": {
      "Package": "pcaPP",
      "Version": "1.9-73",
      "Source": "Repository",
      "Repository": "CRAN",
      "Hash": "90f84270f5af583cefeb978d12d121a7"
    },
    "pillar": {
      "Package": "pillar",
      "Version": "1.4.3",
      "Source": "Repository",
      "Repository": "CRAN",
      "Hash": "fa3ed60396b6998d0427c57dab90fba4"
    },
    "pkgconfig": {
      "Package": "pkgconfig",
      "Version": "2.0.3",
      "Source": "Repository",
      "Repository": "CRAN",
      "Hash": "01f28d4278f15c76cddbea05899c5d6f"
    },
    "pkgmaker": {
      "Package": "pkgmaker",
      "Version": "0.27",
      "Source": "Repository",
      "Repository": "CRAN",
      "Hash": "e671bacb7b6da4b837580eab11035132"
    },
    "plyr": {
      "Package": "plyr",
      "Version": "1.8.5",
      "Source": "Repository",
      "Repository": "CRAN",
      "Hash": "3f1b0dbcc503320e6e7aae6c3ff87eaa"
    },
    "poLCA": {
      "Package": "poLCA",
      "Version": "1.4.1",
      "Source": "Repository",
      "Repository": "CRAN",
      "Hash": "77c2be269b36229bd7082b6f67151caf"
    },
    "prettyunits": {
      "Package": "prettyunits",
      "Version": "1.0.2",
      "Source": "Repository",
      "Repository": "CRAN",
      "Hash": "f3c960f0105f2ed179460864979fc37c"
    },
    "processx": {
      "Package": "processx",
      "Version": "3.4.1",
      "Source": "Repository",
      "Repository": "CRAN",
      "Hash": "3fcec01e55910997ae663883cc66a989"
    },
    "prodlim": {
      "Package": "prodlim",
      "Version": "2019.11.13",
      "Source": "Repository",
      "Repository": "CRAN",
      "Hash": "c243bf70db3a6631a0c8783152fb7db9"
    },
    "progress": {
      "Package": "progress",
      "Version": "1.2.2",
      "Source": "Repository",
      "Repository": "CRAN",
      "Hash": "14dc9f7a3c91ebb14ec5bb9208a07061"
    },
    "promises": {
      "Package": "promises",
      "Version": "1.1.0",
      "Source": "Repository",
      "Repository": "CRAN",
      "Hash": "efbbe62da4709f7040a380c702bc7103"
    },
    "ps": {
      "Package": "ps",
      "Version": "1.3.0",
      "Source": "Repository",
      "Repository": "CRAN",
      "Hash": "919a32c940a25bc95fd464df9998a6ba"
    },
    "purrr": {
      "Package": "purrr",
      "Version": "0.3.3",
      "Source": "Repository",
      "Repository": "CRAN",
      "Hash": "22aca7d1181718e927d403a8c2d69d62"
    },
    "quantable": {
      "Package": "quantable",
      "Version": "0.3.6",
      "Source": "Repository",
      "Repository": "CRAN",
      "Hash": "fdd201e637c91847b8442c3bfb9e6da8"
    },
    "quantmod": {
      "Package": "quantmod",
      "Version": "0.4-15",
      "Source": "Repository",
      "Repository": "CRAN",
      "Hash": "76accb26d776ae7604cdf9e4b6e2ca33"
    },
    "questionr": {
      "Package": "questionr",
      "Version": "0.7.0",
      "Source": "Repository",
      "Repository": "CRAN",
      "Hash": "5de603fe0eeaff880ae8d6038f56856f"
    },
    "randomForest": {
      "Package": "randomForest",
      "Version": "4.6-14",
      "Source": "Repository",
      "Repository": "CRAN",
      "Hash": "6367ba8128568cc5ebf8082e440948e4"
    },
    "readr": {
      "Package": "readr",
      "Version": "1.3.1",
      "Source": "Repository",
      "Repository": "CRAN",
      "Hash": "af8ab99cd936773a148963905736907b"
    },
    "readxl": {
      "Package": "readxl",
      "Version": "1.3.1",
      "Source": "Repository",
      "Repository": "CRAN",
      "Hash": "63537c483c2dbec8d9e3183b3735254a"
    },
    "recipes": {
      "Package": "recipes",
      "Version": "0.1.8",
      "Source": "Repository",
      "Repository": "CRAN",
      "Hash": "8f619e66ffdf1e902d2e1f7ca71bdf5a"
    },
    "registry": {
      "Package": "registry",
      "Version": "0.5-1",
      "Source": "Repository",
      "Repository": "CRAN",
      "Hash": "1c9935f4f14c6c096c9c9072ddee59f1"
    },
    "rematch": {
      "Package": "rematch",
      "Version": "1.0.1",
      "Source": "Repository",
      "Repository": "CRAN",
      "Hash": "c66b930d20bb6d858cd18e1cebcfae5c"
    },
    "renv": {
      "Package": "renv",
      "Version": "0.13.2",
      "Source": "Repository",
      "Repository": "CRAN",
      "Hash": "079cb1f03ff972b30401ed05623cbe92"
    },
    "reprex": {
      "Package": "reprex",
      "Version": "0.3.0",
      "Source": "Repository",
      "Repository": "CRAN",
      "Hash": "b06bfb3504cc8a4579fd5567646f745b"
    },
    "reshape2": {
      "Package": "reshape2",
      "Version": "1.4.3",
      "Source": "Repository",
      "Repository": "CRAN",
      "Hash": "15a23ad30f51789188e439599559815c"
    },
    "rlang": {
      "Package": "rlang",
      "Version": "0.4.10",
      "Source": "Repository",
      "Repository": "CRAN",
      "Hash": "599df23c40a4fce9c7b4764f28c37857"
    },
    "rmarkdown": {
      "Package": "rmarkdown",
      "Version": "2.6",
      "Source": "Repository",
      "Repository": "CRAN",
      "Hash": "bc4bac38960b446c183957bfd563e763"
    },
    "rngtools": {
      "Package": "rngtools",
      "Version": "1.4",
      "Source": "Repository",
      "Repository": "CRAN",
      "Hash": "06e1c5ec4fafe6bf3f5112c8d742f76d"
    },
    "robustbase": {
      "Package": "robustbase",
      "Version": "0.93-5",
      "Source": "Repository",
      "Repository": "CRAN",
      "Hash": "0a3d03e70d10dd986398fe47efad4dab"
    },
    "rpart": {
      "Package": "rpart",
      "Version": "4.1-15",
      "Source": "Repository",
      "Repository": "CRAN",
      "Hash": "9787c1fcb680e655d062e7611cadf78e"
    },
    "rprojroot": {
      "Package": "rprojroot",
      "Version": "1.3-2",
      "Source": "Repository",
      "Repository": "CRAN",
      "Hash": "f6a407ae5dd21f6f80a6708bbb6eb3ae"
    },
    "rsample": {
      "Package": "rsample",
      "Version": "0.0.9",
      "Source": "Repository",
      "Repository": "CRAN",
      "Hash": "ca4701584cfcf4ac11e72db5fd728b35"
    },
    "rstudioapi": {
      "Package": "rstudioapi",
      "Version": "0.10",
      "Source": "Repository",
      "Repository": "CRAN",
      "Hash": "da31c988698b91fdf6a3e2317679d6cb"
    },
    "rtkore": {
      "Package": "rtkore",
      "Version": "1.5.5",
      "Source": "Repository",
      "Repository": "CRAN",
      "Hash": "c846be5e19fb932454fe3173b08de7d3"
    },
    "rvest": {
      "Package": "rvest",
      "Version": "0.3.5",
      "Source": "Repository",
      "Repository": "CRAN",
      "Hash": "6a20c2cdf133ebc7ac45888c9ccc052b"
    },
    "scales": {
      "Package": "scales",
      "Version": "1.1.0.9000",
      "Source": "GitHub",
      "RemoteType": "github",
      "RemoteHost": "https://api.github.com",
      "RemoteRepo": "scales",
      "RemoteUsername": "hadley",
      "RemoteRef": "master",
      "RemoteSha": "a33f8ef9d2930f4940f9c694ba6ba79480965cec",
      "Hash": "c90e056a839cab277945664e61e7e51a"
    },
    "scatterplot3d": {
      "Package": "scatterplot3d",
      "Version": "0.3-41",
      "Source": "Repository",
      "Repository": "CRAN",
      "Hash": "0d3e8c286b735517c2df4ed48848e732"
    },
    "sda": {
      "Package": "sda",
      "Version": "1.3.7",
      "Source": "Repository",
      "Repository": "CRAN",
      "Hash": "1a85ed14f30c0455216702a024cba0d6"
    },
    "selectr": {
      "Package": "selectr",
      "Version": "0.4-2",
      "Source": "Repository",
      "Repository": "CRAN",
      "Hash": "3838071b66e0c566d55cc26bd6e27bf4"
    },
    "shiny": {
      "Package": "shiny",
      "Version": "1.2.0",
      "Source": "Repository",
      "Repository": "CRAN",
      "Hash": "4dad5c94a7fcd08d9e29192d9bb80a3b"
    },
    "sigclust": {
      "Package": "sigclust",
      "Version": "1.1.0",
      "Source": "Repository",
      "Repository": "CRAN",
      "Hash": "a49c7ee61a72b1b3dc4b46354acbf64d"
    },
    "slider": {
      "Package": "slider",
      "Version": "0.1.5",
      "Source": "Repository",
      "Repository": "CRAN",
      "Hash": "ac1eb08941cacd8ff16f0041ca60a3de"
    },
    "sourcetools": {
      "Package": "sourcetools",
      "Version": "0.1.7",
      "Source": "Repository",
      "Repository": "CRAN",
      "Hash": "947e4e02a79effa5d512473e10f41797"
    },
    "splendid": {
      "Package": "splendid",
      "Version": "0.2.1.9000",
      "Source": "GitHub",
      "RemoteType": "github",
      "RemoteUsername": "AlineTalhouk",
      "RemoteRepo": "splendid",
      "RemoteRef": "master",
      "RemoteSha": "b58ba6ff6c6abebaca8d239e5a10bcdfbdf84de4",
      "RemoteHost": "api.github.com",
      "Hash": "30497fad3bf5511f31f068b8a9ed6739"
    },
    "stringi": {
      "Package": "stringi",
      "Version": "1.4.3",
      "Source": "Repository",
      "Repository": "CRAN",
      "Hash": "74a50760af835563fb2c124e66aa134e"
    },
    "stringr": {
      "Package": "stringr",
      "Version": "1.4.0",
      "Source": "Repository",
      "Repository": "CRAN",
      "Hash": "0759e6b6c0957edb1311028a49a35e76"
    },
    "survival": {
      "Package": "survival",
      "Version": "3.1-8",
      "Source": "Repository",
      "Repository": "CRAN",
      "Hash": "ad25122f95d04988f6f79d69aaadd53d"
    },
    "sys": {
      "Package": "sys",
      "Version": "3.3",
      "Source": "Repository",
      "Repository": "CRAN",
      "Hash": "507f3116a38d37ad330a038b3be07b66"
    },
    "tibble": {
      "Package": "tibble",
      "Version": "2.1.3",
      "Source": "Repository",
      "Repository": "CRAN",
      "Hash": "8248ee35d1e15d1e506f05f5a5d46a75"
    },
    "tidyr": {
      "Package": "tidyr",
      "Version": "1.0.0.9000",
      "Source": "GitHub",
      "RemoteType": "github",
      "Remotes": "r-lib/vctrs",
      "RemoteHost": "api.github.com",
      "RemoteRepo": "tidyr",
      "RemoteUsername": "tidyverse",
      "RemoteRef": "master",
      "RemoteSha": "b420fb51b9ef43dde5607f6d39d86568339f90c1",
      "Hash": "5e7b1d04ed16e7b9417ae93129ab3328"
    },
    "tidyselect": {
      "Package": "tidyselect",
      "Version": "1.1.0",
      "Source": "Repository",
      "Repository": "CRAN",
      "Hash": "6ea435c354e8448819627cf686f66e0a"
    },
    "tidyverse": {
      "Package": "tidyverse",
      "Version": "1.3.0",
      "Source": "Repository",
      "Repository": "CRAN",
      "Hash": "bd51be662f359fa99021f3d51e911490"
    },
    "timeDate": {
      "Package": "timeDate",
      "Version": "3043.102",
      "Source": "Repository",
      "Repository": "CRAN",
      "Hash": "fde4fc571f5f61978652c229d4713845"
    },
    "tinytex": {
      "Package": "tinytex",
      "Version": "0.18",
      "Source": "Repository",
      "Repository": "CRAN",
      "Hash": "e2ce80882682180c2b5f86d2b47c9951"
    },
    "utf8": {
      "Package": "utf8",
      "Version": "1.1.4",
      "Source": "Repository",
      "Repository": "CRAN",
      "Hash": "4a5081acfb7b81a572e4384a7aaf2af1"
    },
    "vctrs": {
      "Package": "vctrs",
      "Version": "0.3.3",
      "Source": "Repository",
      "Repository": "CRAN",
      "Hash": "d2c91a9aeb376a26b16c72d6ab888923"
    },
    "viridis": {
      "Package": "viridis",
      "Version": "0.5.1",
      "Source": "Repository",
      "Repository": "CRAN",
      "Hash": "6f6b49e5b3b5ee5a6d0c28bf1b4b9eb3"
    },
    "viridisLite": {
      "Package": "viridisLite",
      "Version": "0.3.0",
      "Source": "Repository",
      "Repository": "CRAN",
      "Hash": "ce4f6271baa94776db692f1cb2055bee"
    },
    "visdat": {
      "Package": "visdat",
      "Version": "0.5.3",
      "Source": "Repository",
      "Repository": "CRAN",
      "Hash": "f62b960320b18fdffb2f0f76bb65dbaf"
    },
    "warp": {
      "Package": "warp",
      "Version": "0.2.0",
      "Source": "Repository",
      "Repository": "CRAN",
      "Hash": "2982481615756e24e79fee95bdc95daa"
    },
    "webshot": {
      "Package": "webshot",
      "Version": "0.5.2",
      "Source": "Repository",
      "Repository": "CRAN",
      "Hash": "e99d80ad34457a4853674e89d5e806de"
    },
    "whisker": {
      "Package": "whisker",
      "Version": "0.4",
      "Source": "Repository",
      "Repository": "CRAN",
      "Hash": "ca970b96d894e90397ed20637a0c1bbe"
    },
    "withr": {
      "Package": "withr",
      "Version": "2.1.2",
      "Source": "Repository",
      "Repository": "CRAN",
      "Hash": "aa57ed55ff2df4bea697a07df528993d"
    },
    "xfun": {
      "Package": "xfun",
      "Version": "0.19",
      "Source": "Repository",
      "Repository": "CRAN",
      "Hash": "a42372606cb76f34da9d090326e9f955"
    },
    "xgboost": {
      "Package": "xgboost",
      "Version": "0.71.2",
      "Source": "Repository",
      "Repository": "CRAN",
      "Hash": "a8807d3b38022b2abb1bee269442600e"
    },
    "xml2": {
      "Package": "xml2",
      "Version": "1.2.2",
      "Source": "Repository",
      "Repository": "CRAN",
      "Hash": "63ad35854e01d8b59ca18095b5145bb7"
    },
    "xtable": {
      "Package": "xtable",
      "Version": "1.8-4",
      "Source": "Repository",
      "Repository": "CRAN",
      "Hash": "b8acdf8af494d9ec19ccb2481a9b11c2"
    },
    "xts": {
      "Package": "xts",
      "Version": "0.11-2",
      "Source": "Repository",
      "Repository": "CRAN",
      "Hash": "4322d0b1ed0dc74b2f9ae24b751f72de"
    },
    "yaml": {
      "Package": "yaml",
      "Version": "2.2.0",
      "Source": "Repository",
      "Repository": "CRAN",
      "Hash": "c78bdf1d16bd4ec7ecc86c6986d53309"
    },
    "yardstick": {
      "Package": "yardstick",
      "Version": "0.0.4",
      "Source": "Repository",
      "Repository": "CRAN",
      "Hash": "16f91172c46c5333dab758e59da9e303"
    },
    "zoo": {
      "Package": "zoo",
      "Version": "1.8-6",
      "Source": "Repository",
      "Repository": "CRAN",
      "Hash": "d6d8d8c2b5f0c309dfa8caf9a27a61e2"
    }
  }
}
